
Microsoft Visual Studio Solution File, Format Version 12.00
# Visual Studio Version 17
VisualStudioVersion = 17.7.34024.191
MinimumVisualStudioVersion = 10.0.40219.1
Project("{8BC9CEB8-8B4A-11D0-8D11-00A0C91BC942}") = "Binary3", "Binary3\Binary3.vcxproj", "{0BBE70E3-5653-447D-AFA0-F6A2FBF56ACE}"
EndProject
Project("{8BC9CEB8-8B4A-11D0-8D11-00A0C91BC942}") = "recursion", "recursion\recursion.vcxproj", "{51A6AFBC-30D7-44DD-AD8C-3E156B3A20EB}"
EndProject
Project("{8BC9CEB8-8B4A-11D0-8D11-00A0C91BC942}") = "FunctionSolution", "FunctionSolution\FunctionSolution.vcxproj", "{4504EED5-D0BF-4714-8A36-F0B223059822}"
EndProject
Global
	GlobalSection(SolutionConfigurationPlatforms) = preSolution
		Debug|x64 = Debug|x64
		Debug|x86 = Debug|x86
		Release|x64 = Release|x64
		Release|x86 = Release|x86
	EndGlobalSection
	GlobalSection(ProjectConfigurationPlatforms) = postSolution
		{0BBE70E3-5653-447D-AFA0-F6A2FBF56ACE}.Debug|x64.ActiveCfg = Debug|x64
		{0BBE70E3-5653-447D-AFA0-F6A2FBF56ACE}.Debug|x64.Build.0 = Debug|x64
		{0BBE70E3-5653-447D-AFA0-F6A2FBF56ACE}.Debug|x86.ActiveCfg = Debug|Win32
		{0BBE70E3-5653-447D-AFA0-F6A2FBF56ACE}.Debug|x86.Build.0 = Debug|Win32
		{0BBE70E3-5653-447D-AFA0-F6A2FBF56ACE}.Release|x64.ActiveCfg = Release|x64
		{0BBE70E3-5653-447D-AFA0-F6A2FBF56ACE}.Release|x64.Build.0 = Release|x64
		{0BBE70E3-5653-447D-AFA0-F6A2FBF56ACE}.Release|x86.ActiveCfg = Release|Win32
		{0BBE70E3-5653-447D-AFA0-F6A2FBF56ACE}.Release|x86.Build.0 = Release|Win32
		{51A6AFBC-30D7-44DD-AD8C-3E156B3A20EB}.Debug|x64.ActiveCfg = Debug|x64
		{51A6AFBC-30D7-44DD-AD8C-3E156B3A20EB}.Debug|x64.Build.0 = Debug|x64
		{51A6AFBC-30D7-44DD-AD8C-3E156B3A20EB}.Debug|x86.ActiveCfg = Debug|Win32
		{51A6AFBC-30D7-44DD-AD8C-3E156B3A20EB}.Debug|x86.Build.0 = Debug|Win32
		{51A6AFBC-30D7-44DD-AD8C-3E156B3A20EB}.Release|x64.ActiveCfg = Release|x64
		{51A6AFBC-30D7-44DD-AD8C-3E156B3A20EB}.Release|x64.Build.0 = Release|x64
		{51A6AFBC-30D7-44DD-AD8C-3E156B3A20EB}.Release|x86.ActiveCfg = Release|Win32
		{51A6AFBC-30D7-44DD-AD8C-3E156B3A20EB}.Release|x86.Build.0 = Release|Win32
		{4504EED5-D0BF-4714-8A36-F0B223059822}.Debug|x64.ActiveCfg = Debug|x64
		{4504EED5-D0BF-4714-8A36-F0B223059822}.Debug|x64.Build.0 = Debug|x64
		{4504EED5-D0BF-4714-8A36-F0B223059822}.Debug|x86.ActiveCfg = Debug|Win32
		{4504EED5-D0BF-4714-8A36-F0B223059822}.Debug|x86.Build.0 = Debug|Win32
		{4504EED5-D0BF-4714-8A36-F0B223059822}.Release|x64.ActiveCfg = Release|x64
		{4504EED5-D0BF-4714-8A36-F0B223059822}.Release|x64.Build.0 = Release|x64
		{4504EED5-D0BF-4714-8A36-F0B223059822}.Release|x86.ActiveCfg = Release|Win32
		{4504EED5-D0BF-4714-8A36-F0B223059822}.Release|x86.Build.0 = Release|Win32
	EndGlobalSection
	GlobalSection(SolutionProperties) = preSolution
		HideSolutionNode = FALSE
	EndGlobalSection
	GlobalSection(ExtensibilityGlobals) = postSolution
		SolutionGuid = {E11C7562-49E5-4CF6-BAD8-1228D69D0A34}
	EndGlobalSection
EndGlobal
